
Microsoft Visual Studio Solution File, Format Version 12.00
# Visual Studio Version 17
VisualStudioVersion = 17.6.33712.159
MinimumVisualStudioVersion = 10.0.40219.1
Project("{888888A0-9F3D-457C-B088-3A5042F75D52}") = "RSP_bot", "RSP_bot\RSP_bot.pyproj", "{5B958C23-4228-4D4E-92E3-9F200E15D8E2}"
EndProject
Global
	GlobalSection(SolutionConfigurationPlatforms) = preSolution
		Debug|Any CPU = Debug|Any CPU
		Release|Any CPU = Release|Any CPU
	EndGlobalSection
	GlobalSection(ProjectConfigurationPlatforms) = postSolution
		{5B958C23-4228-4D4E-92E3-9F200E15D8E2}.Debug|Any CPU.ActiveCfg = Debug|Any CPU
		{5B958C23-4228-4D4E-92E3-9F200E15D8E2}.Release|Any CPU.ActiveCfg = Release|Any CPU
	EndGlobalSection
	GlobalSection(SolutionProperties) = preSolution
		HideSolutionNode = FALSE
	EndGlobalSection
	GlobalSection(ExtensibilityGlobals) = postSolution
		SolutionGuid = {352A1556-F641-4B04-90F9-DD175B74E36E}
	EndGlobalSection
EndGlobal
